// !$*UTF8*$!
{
	archiveVersion = 1;
	classes = {
	};
	objectVersion = 46;
	objects = {

/* Begin PBXBuildFile section */
		B3045D9B1C3DD3A1001ADBAF /* HGMethodWrapper.h in Headers */ = {isa = PBXBuildFile; fileRef = B3045D991C3DD3A1001ADBAF /* HGMethodWrapper.h */; settings = {ATTRIBUTES = (Public, ); }; };
		B3045D9C1C3DD3A1001ADBAF /* HGMethodWrapper.m in Sources */ = {isa = PBXBuildFile; fileRef = B3045D9A1C3DD3A1001ADBAF /* HGMethodWrapper.m */; };
		B3045D9E1C3DD5A7001ADBAF /* HGMethodWrapperTest.m in Sources */ = {isa = PBXBuildFile; fileRef = B3045D9D1C3DD5A7001ADBAF /* HGMethodWrapperTest.m */; };
		B3045DA11C402C5D001ADBAF /* HGMethodDescriptionMirror.h in Headers */ = {isa = PBXBuildFile; fileRef = B3045D9F1C402C5D001ADBAF /* HGMethodDescriptionMirror.h */; settings = {ATTRIBUTES = (Public, ); }; };
		B3045DA21C402C5D001ADBAF /* HGMethodDescriptionMirror.m in Sources */ = {isa = PBXBuildFile; fileRef = B3045DA01C402C5D001ADBAF /* HGMethodDescriptionMirror.m */; };
		B349BE1F1C37E17B00B66CB5 /* Heliograph.framework in Frameworks */ = {isa = PBXBuildFile; fileRef = B349BE141C37E17A00B66CB5 /* Heliograph.framework */; };
		B349BE381C37E26600B66CB5 /* HGClassMirrorTests.m in Sources */ = {isa = PBXBuildFile; fileRef = B349BE351C37E1C300B66CB5 /* HGClassMirrorTests.m */; };
		B349BE451C37ECB500B66CB5 /* HGTestHierarchy.m in Sources */ = {isa = PBXBuildFile; fileRef = B349BE441C37ECB500B66CB5 /* HGTestHierarchy.m */; };
		B349BE4B1C38242500B66CB5 /* HGMethodMirrorTests.m in Sources */ = {isa = PBXBuildFile; fileRef = B349BE4A1C38242500B66CB5 /* HGMethodMirrorTests.m */; };
		B349BE531C3840FD00B66CB5 /* HGObjectMirrorTests.m in Sources */ = {isa = PBXBuildFile; fileRef = B349BE521C3840FD00B66CB5 /* HGObjectMirrorTests.m */; };
		B349BE591C386B9100B66CB5 /* HGPropertyMirrorTests.m in Sources */ = {isa = PBXBuildFile; fileRef = B349BE581C386B9100B66CB5 /* HGPropertyMirrorTests.m */; };
		B349BE5F1C392EC200B66CB5 /* HGInstanceVariableMirrorTests.m in Sources */ = {isa = PBXBuildFile; fileRef = B349BE5E1C392EC200B66CB5 /* HGInstanceVariableMirrorTests.m */; };
		B349BE651C39618C00B66CB5 /* HGTypeMirrorTests.m in Sources */ = {isa = PBXBuildFile; fileRef = B349BE641C39618C00B66CB5 /* HGTypeMirrorTests.m */; };
		B3C802091C3A95C100E8F25E /* HGProtocolMirrorTests.m in Sources */ = {isa = PBXBuildFile; fileRef = B3C802081C3A95C100E8F25E /* HGProtocolMirrorTests.m */; };
		B3C802261C3D99E600E8F25E /* HGClassMirror.h in Headers */ = {isa = PBXBuildFile; fileRef = B3C802121C3D99E600E8F25E /* HGClassMirror.h */; settings = {ATTRIBUTES = (Public, ); }; };
		B3C802271C3D99E600E8F25E /* HGClassMirror.m in Sources */ = {isa = PBXBuildFile; fileRef = B3C802131C3D99E600E8F25E /* HGClassMirror.m */; };
		B3C802281C3D99E600E8F25E /* HGInstanceVariableMirror-Runtime.h in Headers */ = {isa = PBXBuildFile; fileRef = B3C802141C3D99E600E8F25E /* HGInstanceVariableMirror-Runtime.h */; };
		B3C802291C3D99E600E8F25E /* HGInstanceVariableMirror.h in Headers */ = {isa = PBXBuildFile; fileRef = B3C802151C3D99E600E8F25E /* HGInstanceVariableMirror.h */; settings = {ATTRIBUTES = (Public, ); }; };
		B3C8022A1C3D99E600E8F25E /* HGInstanceVariableMirror.m in Sources */ = {isa = PBXBuildFile; fileRef = B3C802161C3D99E600E8F25E /* HGInstanceVariableMirror.m */; };
		B3C8022B1C3D99E600E8F25E /* HGMethodMirror-Runtime.h in Headers */ = {isa = PBXBuildFile; fileRef = B3C802171C3D99E600E8F25E /* HGMethodMirror-Runtime.h */; };
		B3C8022C1C3D99E600E8F25E /* HGMethodMirror.h in Headers */ = {isa = PBXBuildFile; fileRef = B3C802181C3D99E600E8F25E /* HGMethodMirror.h */; settings = {ATTRIBUTES = (Public, ); }; };
		B3C8022D1C3D99E600E8F25E /* HGMethodMirror.m in Sources */ = {isa = PBXBuildFile; fileRef = B3C802191C3D99E600E8F25E /* HGMethodMirror.m */; };
		B3C8022E1C3D99E600E8F25E /* HGPropertyMirror-Runtime.h in Headers */ = {isa = PBXBuildFile; fileRef = B3C8021A1C3D99E600E8F25E /* HGPropertyMirror-Runtime.h */; };
		B3C8022F1C3D99E600E8F25E /* HGPropertyMirror.h in Headers */ = {isa = PBXBuildFile; fileRef = B3C8021B1C3D99E600E8F25E /* HGPropertyMirror.h */; settings = {ATTRIBUTES = (Public, ); }; };
		B3C802301C3D99E600E8F25E /* HGPropertyMirror.m in Sources */ = {isa = PBXBuildFile; fileRef = B3C8021C1C3D99E600E8F25E /* HGPropertyMirror.m */; };
		B3C802311C3D99E600E8F25E /* HGProtocolMirror.h in Headers */ = {isa = PBXBuildFile; fileRef = B3C8021D1C3D99E600E8F25E /* HGProtocolMirror.h */; settings = {ATTRIBUTES = (Public, ); }; };
		B3C802321C3D99E600E8F25E /* HGProtocolMirror.m in Sources */ = {isa = PBXBuildFile; fileRef = B3C8021E1C3D99E600E8F25E /* HGProtocolMirror.m */; };
		B3C802351C3D99E600E8F25E /* HGTypeMirrors.h in Headers */ = {isa = PBXBuildFile; fileRef = B3C802211C3D99E600E8F25E /* HGTypeMirrors.h */; settings = {ATTRIBUTES = (Public, ); }; };
		B3C802361C3D99E600E8F25E /* HGTypeMirrors.m in Sources */ = {isa = PBXBuildFile; fileRef = B3C802221C3D99E600E8F25E /* HGTypeMirrors.m */; };
		B3C802371C3D99E600E8F25E /* HGValueMirrors.h in Headers */ = {isa = PBXBuildFile; fileRef = B3C802231C3D99E600E8F25E /* HGValueMirrors.h */; settings = {ATTRIBUTES = (Public, ); }; };
		B3C802381C3D99E600E8F25E /* HGValueMirrors.m in Sources */ = {isa = PBXBuildFile; fileRef = B3C802241C3D99E600E8F25E /* HGValueMirrors.m */; };
		B3C8023C1C3D9A0F00E8F25E /* HGTypeMirrorVisitors.h in Headers */ = {isa = PBXBuildFile; fileRef = B3C8023A1C3D9A0F00E8F25E /* HGTypeMirrorVisitors.h */; settings = {ATTRIBUTES = (Public, ); }; };
		B3C8023D1C3D9A0F00E8F25E /* HGTypeMirrorVisitors.m in Sources */ = {isa = PBXBuildFile; fileRef = B3C8023B1C3D9A0F00E8F25E /* HGTypeMirrorVisitors.m */; };
		B3C8023F1C3D9A2D00E8F25E /* Heliograph.h in Headers */ = {isa = PBXBuildFile; fileRef = B3C8023E1C3D9A2D00E8F25E /* Heliograph.h */; settings = {ATTRIBUTES = (Public, ); }; };
		B3C802411C3D9AA500E8F25E /* HGTypeMirrorVisitor.h in Headers */ = {isa = PBXBuildFile; fileRef = B3C802401C3D9AA500E8F25E /* HGTypeMirrorVisitor.h */; settings = {ATTRIBUTES = (Public, ); }; };
		B3C802431C3D9D0600E8F25E /* HGTypeMirrorVisitor.m in Sources */ = {isa = PBXBuildFile; fileRef = B3C802421C3D9D0600E8F25E /* HGTypeMirrorVisitor.m */; };
		B3C802461C3DA95900E8F25E /* HGReflect.h in Headers */ = {isa = PBXBuildFile; fileRef = B3C802441C3DA95900E8F25E /* HGReflect.h */; settings = {ATTRIBUTES = (Public, ); }; };
		B3C802471C3DA95900E8F25E /* HGReflect.m in Sources */ = {isa = PBXBuildFile; fileRef = B3C802451C3DA95900E8F25E /* HGReflect.m */; };
/* End PBXBuildFile section */

/* Begin PBXContainerItemProxy section */
		B349BE201C37E17B00B66CB5 /* PBXContainerItemProxy */ = {
			isa = PBXContainerItemProxy;
			containerPortal = B349BE0B1C37E17A00B66CB5 /* Project object */;
			proxyType = 1;
			remoteGlobalIDString = B349BE131C37E17A00B66CB5;
			remoteInfo = "OpinionatedC-Mirrors";
		};
/* End PBXContainerItemProxy section */

/* Begin PBXFileReference section */
		B3045D991C3DD3A1001ADBAF /* HGMethodWrapper.h */ = {isa = PBXFileReference; fileEncoding = 4; lastKnownFileType = sourcecode.c.h; name = HGMethodWrapper.h; path = MethodWrappers/HGMethodWrapper.h; sourceTree = "<group>"; };
		B3045D9A1C3DD3A1001ADBAF /* HGMethodWrapper.m */ = {isa = PBXFileReference; fileEncoding = 4; lastKnownFileType = sourcecode.c.objc; name = HGMethodWrapper.m; path = MethodWrappers/HGMethodWrapper.m; sourceTree = "<group>"; };
		B3045D9D1C3DD5A7001ADBAF /* HGMethodWrapperTest.m */ = {isa = PBXFileReference; fileEncoding = 4; lastKnownFileType = sourcecode.c.objc; path = HGMethodWrapperTest.m; sourceTree = "<group>"; };
		B3045D9F1C402C5D001ADBAF /* HGMethodDescriptionMirror.h */ = {isa = PBXFileReference; fileEncoding = 4; lastKnownFileType = sourcecode.c.h; path = HGMethodDescriptionMirror.h; sourceTree = "<group>"; };
		B3045DA01C402C5D001ADBAF /* HGMethodDescriptionMirror.m */ = {isa = PBXFileReference; fileEncoding = 4; lastKnownFileType = sourcecode.c.objc; path = HGMethodDescriptionMirror.m; sourceTree = "<group>"; };
		B3045DA31C402C7E001ADBAF /* HGMethodDescriptionMirror-Runtime.h */ = {isa = PBXFileReference; lastKnownFileType = sourcecode.c.h; path = "HGMethodDescriptionMirror-Runtime.h"; sourceTree = "<group>"; };
		B349BE141C37E17A00B66CB5 /* Heliograph.framework */ = {isa = PBXFileReference; explicitFileType = wrapper.framework; includeInIndex = 0; path = Heliograph.framework; sourceTree = BUILT_PRODUCTS_DIR; };
		B349BE1E1C37E17B00B66CB5 /* Heliograph-Tests.xctest */ = {isa = PBXFileReference; explicitFileType = wrapper.cfbundle; includeInIndex = 0; path = "Heliograph-Tests.xctest"; sourceTree = BUILT_PRODUCTS_DIR; };
		B349BE2F1C37E1B800B66CB5 /* Info.plist */ = {isa = PBXFileReference; fileEncoding = 4; lastKnownFileType = text.plist.xml; path = Info.plist; sourceTree = "<group>"; };
		B349BE341C37E1C300B66CB5 /* Info.plist */ = {isa = PBXFileReference; fileEncoding = 4; lastKnownFileType = text.plist.xml; path = Info.plist; sourceTree = "<group>"; };
		B349BE351C37E1C300B66CB5 /* HGClassMirrorTests.m */ = {isa = PBXFileReference; fileEncoding = 4; lastKnownFileType = sourcecode.c.objc; lineEnding = 0; path = HGClassMirrorTests.m; sourceTree = "<group>"; xcLanguageSpecificationIdentifier = xcode.lang.objc; };
		B349BE431C37ECB500B66CB5 /* HGTestHierarchy.h */ = {isa = PBXFileReference; fileEncoding = 4; lastKnownFileType = sourcecode.c.h; path = HGTestHierarchy.h; sourceTree = "<group>"; };
		B349BE441C37ECB500B66CB5 /* HGTestHierarchy.m */ = {isa = PBXFileReference; fileEncoding = 4; lastKnownFileType = sourcecode.c.objc; path = HGTestHierarchy.m; sourceTree = "<group>"; };
		B349BE4A1C38242500B66CB5 /* HGMethodMirrorTests.m */ = {isa = PBXFileReference; fileEncoding = 4; lastKnownFileType = sourcecode.c.objc; path = HGMethodMirrorTests.m; sourceTree = "<group>"; };
		B349BE521C3840FD00B66CB5 /* HGObjectMirrorTests.m */ = {isa = PBXFileReference; fileEncoding = 4; lastKnownFileType = sourcecode.c.objc; path = HGObjectMirrorTests.m; sourceTree = "<group>"; };
		B349BE581C386B9100B66CB5 /* HGPropertyMirrorTests.m */ = {isa = PBXFileReference; fileEncoding = 4; lastKnownFileType = sourcecode.c.objc; path = HGPropertyMirrorTests.m; sourceTree = "<group>"; };
		B349BE5E1C392EC200B66CB5 /* HGInstanceVariableMirrorTests.m */ = {isa = PBXFileReference; fileEncoding = 4; lastKnownFileType = sourcecode.c.objc; path = HGInstanceVariableMirrorTests.m; sourceTree = "<group>"; };
		B349BE641C39618C00B66CB5 /* HGTypeMirrorTests.m */ = {isa = PBXFileReference; fileEncoding = 4; lastKnownFileType = sourcecode.c.objc; path = HGTypeMirrorTests.m; sourceTree = "<group>"; };
		B3C802081C3A95C100E8F25E /* HGProtocolMirrorTests.m */ = {isa = PBXFileReference; fileEncoding = 4; lastKnownFileType = sourcecode.c.objc; path = HGProtocolMirrorTests.m; sourceTree = "<group>"; };
		B3C802121C3D99E600E8F25E /* HGClassMirror.h */ = {isa = PBXFileReference; fileEncoding = 4; lastKnownFileType = sourcecode.c.h; path = HGClassMirror.h; sourceTree = "<group>"; };
		B3C802131C3D99E600E8F25E /* HGClassMirror.m */ = {isa = PBXFileReference; fileEncoding = 4; lastKnownFileType = sourcecode.c.objc; path = HGClassMirror.m; sourceTree = "<group>"; };
		B3C802141C3D99E600E8F25E /* HGInstanceVariableMirror-Runtime.h */ = {isa = PBXFileReference; fileEncoding = 4; lastKnownFileType = sourcecode.c.h; path = "HGInstanceVariableMirror-Runtime.h"; sourceTree = "<group>"; };
		B3C802151C3D99E600E8F25E /* HGInstanceVariableMirror.h */ = {isa = PBXFileReference; fileEncoding = 4; lastKnownFileType = sourcecode.c.h; path = HGInstanceVariableMirror.h; sourceTree = "<group>"; };
		B3C802161C3D99E600E8F25E /* HGInstanceVariableMirror.m */ = {isa = PBXFileReference; fileEncoding = 4; lastKnownFileType = sourcecode.c.objc; path = HGInstanceVariableMirror.m; sourceTree = "<group>"; };
		B3C802171C3D99E600E8F25E /* HGMethodMirror-Runtime.h */ = {isa = PBXFileReference; fileEncoding = 4; lastKnownFileType = sourcecode.c.h; path = "HGMethodMirror-Runtime.h"; sourceTree = "<group>"; };
		B3C802181C3D99E600E8F25E /* HGMethodMirror.h */ = {isa = PBXFileReference; fileEncoding = 4; lastKnownFileType = sourcecode.c.h; path = HGMethodMirror.h; sourceTree = "<group>"; };
		B3C802191C3D99E600E8F25E /* HGMethodMirror.m */ = {isa = PBXFileReference; fileEncoding = 4; lastKnownFileType = sourcecode.c.objc; path = HGMethodMirror.m; sourceTree = "<group>"; };
		B3C8021A1C3D99E600E8F25E /* HGPropertyMirror-Runtime.h */ = {isa = PBXFileReference; fileEncoding = 4; lastKnownFileType = sourcecode.c.h; path = "HGPropertyMirror-Runtime.h"; sourceTree = "<group>"; };
		B3C8021B1C3D99E600E8F25E /* HGPropertyMirror.h */ = {isa = PBXFileReference; fileEncoding = 4; lastKnownFileType = sourcecode.c.h; path = HGPropertyMirror.h; sourceTree = "<group>"; };
		B3C8021C1C3D99E600E8F25E /* HGPropertyMirror.m */ = {isa = PBXFileReference; fileEncoding = 4; lastKnownFileType = sourcecode.c.objc; path = HGPropertyMirror.m; sourceTree = "<group>"; };
		B3C8021D1C3D99E600E8F25E /* HGProtocolMirror.h */ = {isa = PBXFileReference; fileEncoding = 4; lastKnownFileType = sourcecode.c.h; path = HGProtocolMirror.h; sourceTree = "<group>"; };
		B3C8021E1C3D99E600E8F25E /* HGProtocolMirror.m */ = {isa = PBXFileReference; fileEncoding = 4; lastKnownFileType = sourcecode.c.objc; path = HGProtocolMirror.m; sourceTree = "<group>"; };
		B3C802211C3D99E600E8F25E /* HGTypeMirrors.h */ = {isa = PBXFileReference; fileEncoding = 4; lastKnownFileType = sourcecode.c.h; path = HGTypeMirrors.h; sourceTree = "<group>"; };
		B3C802221C3D99E600E8F25E /* HGTypeMirrors.m */ = {isa = PBXFileReference; fileEncoding = 4; lastKnownFileType = sourcecode.c.objc; path = HGTypeMirrors.m; sourceTree = "<group>"; };
		B3C802231C3D99E600E8F25E /* HGValueMirrors.h */ = {isa = PBXFileReference; fileEncoding = 4; lastKnownFileType = sourcecode.c.h; path = HGValueMirrors.h; sourceTree = "<group>"; };
		B3C802241C3D99E600E8F25E /* HGValueMirrors.m */ = {isa = PBXFileReference; fileEncoding = 4; lastKnownFileType = sourcecode.c.objc; path = HGValueMirrors.m; sourceTree = "<group>"; };
		B3C8023A1C3D9A0F00E8F25E /* HGTypeMirrorVisitors.h */ = {isa = PBXFileReference; fileEncoding = 4; lastKnownFileType = sourcecode.c.h; path = HGTypeMirrorVisitors.h; sourceTree = "<group>"; };
		B3C8023B1C3D9A0F00E8F25E /* HGTypeMirrorVisitors.m */ = {isa = PBXFileReference; fileEncoding = 4; lastKnownFileType = sourcecode.c.objc; path = HGTypeMirrorVisitors.m; sourceTree = "<group>"; };
		B3C8023E1C3D9A2D00E8F25E /* Heliograph.h */ = {isa = PBXFileReference; fileEncoding = 4; lastKnownFileType = sourcecode.c.h; path = Heliograph.h; sourceTree = "<group>"; };
		B3C802401C3D9AA500E8F25E /* HGTypeMirrorVisitor.h */ = {isa = PBXFileReference; fileEncoding = 4; lastKnownFileType = sourcecode.c.h; path = HGTypeMirrorVisitor.h; sourceTree = "<group>"; };
		B3C802421C3D9D0600E8F25E /* HGTypeMirrorVisitor.m */ = {isa = PBXFileReference; fileEncoding = 4; lastKnownFileType = sourcecode.c.objc; path = HGTypeMirrorVisitor.m; sourceTree = "<group>"; };
		B3C802441C3DA95900E8F25E /* HGReflect.h */ = {isa = PBXFileReference; fileEncoding = 4; lastKnownFileType = sourcecode.c.h; path = HGReflect.h; sourceTree = "<group>"; };
		B3C802451C3DA95900E8F25E /* HGReflect.m */ = {isa = PBXFileReference; fileEncoding = 4; lastKnownFileType = sourcecode.c.objc; path = HGReflect.m; sourceTree = "<group>"; };
/* End PBXFileReference section */

/* Begin PBXFrameworksBuildPhase section */
		B349BE101C37E17A00B66CB5 /* Frameworks */ = {
			isa = PBXFrameworksBuildPhase;
			buildActionMask = 2147483647;
			files = (
			);
			runOnlyForDeploymentPostprocessing = 0;
		};
		B349BE1B1C37E17B00B66CB5 /* Frameworks */ = {
			isa = PBXFrameworksBuildPhase;
			buildActionMask = 2147483647;
			files = (
				B349BE1F1C37E17B00B66CB5 /* Heliograph.framework in Frameworks */,
			);
			runOnlyForDeploymentPostprocessing = 0;
		};
/* End PBXFrameworksBuildPhase section */

/* Begin PBXGroup section */
		B3045D981C3DD24B001ADBAF /* MethodWrappers */ = {
			isa = PBXGroup;
			children = (
				B3045D991C3DD3A1001ADBAF /* HGMethodWrapper.h */,
				B3045D9A1C3DD3A1001ADBAF /* HGMethodWrapper.m */,
			);
			name = MethodWrappers;
			sourceTree = "<group>";
		};
		B349BE0A1C37E17A00B66CB5 = {
			isa = PBXGroup;
			children = (
				B349BE2E1C37E1B800B66CB5 /* Lib */,
				B349BE331C37E1C300B66CB5 /* Tests */,
				B349BE151C37E17A00B66CB5 /* Products */,
			);
			sourceTree = "<group>";
		};
		B349BE151C37E17A00B66CB5 /* Products */ = {
			isa = PBXGroup;
			children = (
				B349BE141C37E17A00B66CB5 /* Heliograph.framework */,
				B349BE1E1C37E17B00B66CB5 /* Heliograph-Tests.xctest */,
			);
			name = Products;
			sourceTree = "<group>";
		};
		B349BE2E1C37E1B800B66CB5 /* Lib */ = {
			isa = PBXGroup;
			children = (
				B3C802101C3D99E600E8F25E /* Core */,
				B3045D981C3DD24B001ADBAF /* MethodWrappers */,
				B3C802391C3D99EC00E8F25E /* Visitors */,
				B3C8023E1C3D9A2D00E8F25E /* Heliograph.h */,
				B349BE2F1C37E1B800B66CB5 /* Info.plist */,
			);
			path = Lib;
			sourceTree = "<group>";
		};
		B349BE331C37E1C300B66CB5 /* Tests */ = {
			isa = PBXGroup;
			children = (
				B349BE351C37E1C300B66CB5 /* HGClassMirrorTests.m */,
				B349BE5E1C392EC200B66CB5 /* HGInstanceVariableMirrorTests.m */,
				B349BE4A1C38242500B66CB5 /* HGMethodMirrorTests.m */,
				B3045D9D1C3DD5A7001ADBAF /* HGMethodWrapperTest.m */,
				B349BE521C3840FD00B66CB5 /* HGObjectMirrorTests.m */,
				B349BE581C386B9100B66CB5 /* HGPropertyMirrorTests.m */,
				B3C802081C3A95C100E8F25E /* HGProtocolMirrorTests.m */,
				B349BE431C37ECB500B66CB5 /* HGTestHierarchy.h */,
				B349BE441C37ECB500B66CB5 /* HGTestHierarchy.m */,
				B349BE641C39618C00B66CB5 /* HGTypeMirrorTests.m */,
				B349BE341C37E1C300B66CB5 /* Info.plist */,
			);
			path = Tests;
			sourceTree = "<group>";
		};
		B3C802101C3D99E600E8F25E /* Core */ = {
			isa = PBXGroup;
			children = (
				B3C802121C3D99E600E8F25E /* HGClassMirror.h */,
				B3C802131C3D99E600E8F25E /* HGClassMirror.m */,
				B3C802141C3D99E600E8F25E /* HGInstanceVariableMirror-Runtime.h */,
				B3C802151C3D99E600E8F25E /* HGInstanceVariableMirror.h */,
				B3C802161C3D99E600E8F25E /* HGInstanceVariableMirror.m */,
				B3045DA31C402C7E001ADBAF /* HGMethodDescriptionMirror-Runtime.h */,
				B3045D9F1C402C5D001ADBAF /* HGMethodDescriptionMirror.h */,
				B3045DA01C402C5D001ADBAF /* HGMethodDescriptionMirror.m */,
				B3C802171C3D99E600E8F25E /* HGMethodMirror-Runtime.h */,
				B3C802181C3D99E600E8F25E /* HGMethodMirror.h */,
				B3C802191C3D99E600E8F25E /* HGMethodMirror.m */,
				B3C8021A1C3D99E600E8F25E /* HGPropertyMirror-Runtime.h */,
				B3C8021B1C3D99E600E8F25E /* HGPropertyMirror.h */,
				B3C8021C1C3D99E600E8F25E /* HGPropertyMirror.m */,
				B3C8021D1C3D99E600E8F25E /* HGProtocolMirror.h */,
				B3C8021E1C3D99E600E8F25E /* HGProtocolMirror.m */,
				B3C802441C3DA95900E8F25E /* HGReflect.h */,
				B3C802451C3DA95900E8F25E /* HGReflect.m */,
				B3C802211C3D99E600E8F25E /* HGTypeMirrors.h */,
				B3C802221C3D99E600E8F25E /* HGTypeMirrors.m */,
				B3C802231C3D99E600E8F25E /* HGValueMirrors.h */,
				B3C802241C3D99E600E8F25E /* HGValueMirrors.m */,
			);
			path = Core;
			sourceTree = "<group>";
		};
		B3C802391C3D99EC00E8F25E /* Visitors */ = {
			isa = PBXGroup;
			children = (
				B3C802401C3D9AA500E8F25E /* HGTypeMirrorVisitor.h */,
				B3C802421C3D9D0600E8F25E /* HGTypeMirrorVisitor.m */,
				B3C8023A1C3D9A0F00E8F25E /* HGTypeMirrorVisitors.h */,
				B3C8023B1C3D9A0F00E8F25E /* HGTypeMirrorVisitors.m */,
			);
			path = Visitors;
			sourceTree = "<group>";
		};
/* End PBXGroup section */

/* Begin PBXHeadersBuildPhase section */
		B349BE111C37E17A00B66CB5 /* Headers */ = {
			isa = PBXHeadersBuildPhase;
			buildActionMask = 2147483647;
			files = (
				B3045DA11C402C5D001ADBAF /* HGMethodDescriptionMirror.h in Headers */,
				B3C802281C3D99E600E8F25E /* HGInstanceVariableMirror-Runtime.h in Headers */,
				B3C802411C3D9AA500E8F25E /* HGTypeMirrorVisitor.h in Headers */,
				B3C8022C1C3D99E600E8F25E /* HGMethodMirror.h in Headers */,
				B3C802291C3D99E600E8F25E /* HGInstanceVariableMirror.h in Headers */,
				B3C8022E1C3D99E600E8F25E /* HGPropertyMirror-Runtime.h in Headers */,
				B3C802351C3D99E600E8F25E /* HGTypeMirrors.h in Headers */,
				B3C8023C1C3D9A0F00E8F25E /* HGTypeMirrorVisitors.h in Headers */,
				B3C802261C3D99E600E8F25E /* HGClassMirror.h in Headers */,
				B3C802371C3D99E600E8F25E /* HGValueMirrors.h in Headers */,
				B3C802311C3D99E600E8F25E /* HGProtocolMirror.h in Headers */,
				B3045D9B1C3DD3A1001ADBAF /* HGMethodWrapper.h in Headers */,
				B3C8022B1C3D99E600E8F25E /* HGMethodMirror-Runtime.h in Headers */,
				B3C802461C3DA95900E8F25E /* HGReflect.h in Headers */,
				B3C8022F1C3D99E600E8F25E /* HGPropertyMirror.h in Headers */,
				B3C8023F1C3D9A2D00E8F25E /* Heliograph.h in Headers */,
			);
			runOnlyForDeploymentPostprocessing = 0;
		};
/* End PBXHeadersBuildPhase section */

/* Begin PBXNativeTarget section */
		B349BE131C37E17A00B66CB5 /* Heliograph */ = {
			isa = PBXNativeTarget;
			buildConfigurationList = B349BE281C37E17B00B66CB5 /* Build configuration list for PBXNativeTarget "Heliograph" */;
			buildPhases = (
				B349BE0F1C37E17A00B66CB5 /* Sources */,
				B349BE101C37E17A00B66CB5 /* Frameworks */,
				B349BE111C37E17A00B66CB5 /* Headers */,
				B349BE121C37E17A00B66CB5 /* Resources */,
			);
			buildRules = (
			);
			dependencies = (
			);
			name = Heliograph;
			productName = "OpinionatedC-Mirrors";
			productReference = B349BE141C37E17A00B66CB5 /* Heliograph.framework */;
			productType = "com.apple.product-type.framework";
		};
		B349BE1D1C37E17B00B66CB5 /* Heliograph-Tests */ = {
			isa = PBXNativeTarget;
			buildConfigurationList = B349BE2B1C37E17B00B66CB5 /* Build configuration list for PBXNativeTarget "Heliograph-Tests" */;
			buildPhases = (
				B349BE1A1C37E17B00B66CB5 /* Sources */,
				B349BE1B1C37E17B00B66CB5 /* Frameworks */,
				B349BE1C1C37E17B00B66CB5 /* Resources */,
			);
			buildRules = (
			);
			dependencies = (
				B349BE211C37E17B00B66CB5 /* PBXTargetDependency */,
			);
			name = "Heliograph-Tests";
			productName = "OpinionatedC-MirrorsTests";
			productReference = B349BE1E1C37E17B00B66CB5 /* Heliograph-Tests.xctest */;
			productType = "com.apple.product-type.bundle.unit-test";
		};
/* End PBXNativeTarget section */

/* Begin PBXProject section */
		B349BE0B1C37E17A00B66CB5 /* Project object */ = {
			isa = PBXProject;
			attributes = {
				LastUpgradeCheck = 0720;
				ORGANIZATIONNAME = "Leo Schweizer";
				TargetAttributes = {
					B349BE131C37E17A00B66CB5 = {
						CreatedOnToolsVersion = 7.2;
					};
					B349BE1D1C37E17B00B66CB5 = {
						CreatedOnToolsVersion = 7.2;
					};
				};
			};
			buildConfigurationList = B349BE0E1C37E17A00B66CB5 /* Build configuration list for PBXProject "Heliograph" */;
			compatibilityVersion = "Xcode 3.2";
			developmentRegion = English;
			hasScannedForEncodings = 0;
			knownRegions = (
				en,
			);
			mainGroup = B349BE0A1C37E17A00B66CB5;
			productRefGroup = B349BE151C37E17A00B66CB5 /* Products */;
			projectDirPath = "";
			projectRoot = "";
			targets = (
				B349BE131C37E17A00B66CB5 /* Heliograph */,
				B349BE1D1C37E17B00B66CB5 /* Heliograph-Tests */,
			);
		};
/* End PBXProject section */

/* Begin PBXResourcesBuildPhase section */
		B349BE121C37E17A00B66CB5 /* Resources */ = {
			isa = PBXResourcesBuildPhase;
			buildActionMask = 2147483647;
			files = (
			);
			runOnlyForDeploymentPostprocessing = 0;
		};
		B349BE1C1C37E17B00B66CB5 /* Resources */ = {
			isa = PBXResourcesBuildPhase;
			buildActionMask = 2147483647;
			files = (
			);
			runOnlyForDeploymentPostprocessing = 0;
		};
/* End PBXResourcesBuildPhase section */

/* Begin PBXSourcesBuildPhase section */
		B349BE0F1C37E17A00B66CB5 /* Sources */ = {
			isa = PBXSourcesBuildPhase;
			buildActionMask = 2147483647;
			files = (
				B3C802471C3DA95900E8F25E /* HGReflect.m in Sources */,
				B3045DA21C402C5D001ADBAF /* HGMethodDescriptionMirror.m in Sources */,
				B3C802301C3D99E600E8F25E /* HGPropertyMirror.m in Sources */,
				B3C8022A1C3D99E600E8F25E /* HGInstanceVariableMirror.m in Sources */,
				B3045D9C1C3DD3A1001ADBAF /* HGMethodWrapper.m in Sources */,
				B3C802361C3D99E600E8F25E /* HGTypeMirrors.m in Sources */,
				B3C802271C3D99E600E8F25E /* HGClassMirror.m in Sources */,
				B3C802431C3D9D0600E8F25E /* HGTypeMirrorVisitor.m in Sources */,
				B3C8023D1C3D9A0F00E8F25E /* HGTypeMirrorVisitors.m in Sources */,
				B3C802321C3D99E600E8F25E /* HGProtocolMirror.m in Sources */,
				B3C802381C3D99E600E8F25E /* HGValueMirrors.m in Sources */,
				B3C8022D1C3D99E600E8F25E /* HGMethodMirror.m in Sources */,
			);
			runOnlyForDeploymentPostprocessing = 0;
		};
		B349BE1A1C37E17B00B66CB5 /* Sources */ = {
			isa = PBXSourcesBuildPhase;
			buildActionMask = 2147483647;
			files = (
				B349BE4B1C38242500B66CB5 /* HGMethodMirrorTests.m in Sources */,
				B3C802091C3A95C100E8F25E /* HGProtocolMirrorTests.m in Sources */,
				B349BE381C37E26600B66CB5 /* HGClassMirrorTests.m in Sources */,
				B349BE451C37ECB500B66CB5 /* HGTestHierarchy.m in Sources */,
				B3045D9E1C3DD5A7001ADBAF /* HGMethodWrapperTest.m in Sources */,
				B349BE5F1C392EC200B66CB5 /* HGInstanceVariableMirrorTests.m in Sources */,
				B349BE591C386B9100B66CB5 /* HGPropertyMirrorTests.m in Sources */,
				B349BE651C39618C00B66CB5 /* HGTypeMirrorTests.m in Sources */,
				B349BE531C3840FD00B66CB5 /* HGObjectMirrorTests.m in Sources */,
			);
			runOnlyForDeploymentPostprocessing = 0;
		};
/* End PBXSourcesBuildPhase section */

/* Begin PBXTargetDependency section */
		B349BE211C37E17B00B66CB5 /* PBXTargetDependency */ = {
			isa = PBXTargetDependency;
			target = B349BE131C37E17A00B66CB5 /* Heliograph */;
			targetProxy = B349BE201C37E17B00B66CB5 /* PBXContainerItemProxy */;
		};
/* End PBXTargetDependency section */

/* Begin XCBuildConfiguration section */
		B349BE261C37E17B00B66CB5 /* Debug */ = {
			isa = XCBuildConfiguration;
			buildSettings = {
				ALWAYS_SEARCH_USER_PATHS = NO;
				CLANG_CXX_LANGUAGE_STANDARD = "gnu++0x";
				CLANG_CXX_LIBRARY = "libc++";
				CLANG_ENABLE_MODULES = YES;
				CLANG_ENABLE_OBJC_ARC = YES;
				CLANG_WARN_BOOL_CONVERSION = YES;
				CLANG_WARN_CONSTANT_CONVERSION = YES;
				CLANG_WARN_DIRECT_OBJC_ISA_USAGE = YES_ERROR;
				CLANG_WARN_EMPTY_BODY = YES;
				CLANG_WARN_ENUM_CONVERSION = YES;
				CLANG_WARN_INT_CONVERSION = YES;
				CLANG_WARN_OBJC_ROOT_CLASS = YES_ERROR;
				CLANG_WARN_UNREACHABLE_CODE = YES;
				CLANG_WARN__DUPLICATE_METHOD_MATCH = YES;
				CODE_SIGN_IDENTITY = "-";
				COPY_PHASE_STRIP = NO;
				CURRENT_PROJECT_VERSION = 1;
				DEBUG_INFORMATION_FORMAT = dwarf;
				ENABLE_STRICT_OBJC_MSGSEND = YES;
				ENABLE_TESTABILITY = YES;
				GCC_C_LANGUAGE_STANDARD = gnu99;
				GCC_DYNAMIC_NO_PIC = NO;
				GCC_NO_COMMON_BLOCKS = YES;
				GCC_OPTIMIZATION_LEVEL = 0;
				GCC_PREPROCESSOR_DEFINITIONS = (
					"DEBUG=1",
					"$(inherited)",
				);
				GCC_WARN_64_TO_32_BIT_CONVERSION = YES;
				GCC_WARN_ABOUT_RETURN_TYPE = YES_ERROR;
				GCC_WARN_UNDECLARED_SELECTOR = YES;
				GCC_WARN_UNINITIALIZED_AUTOS = YES_AGGRESSIVE;
				GCC_WARN_UNUSED_FUNCTION = YES;
				GCC_WARN_UNUSED_VARIABLE = YES;
				MACOSX_DEPLOYMENT_TARGET = 10.11;
				MTL_ENABLE_DEBUG_INFO = YES;
				ONLY_ACTIVE_ARCH = YES;
				SDKROOT = macosx;
				VERSIONING_SYSTEM = "apple-generic";
				VERSION_INFO_PREFIX = "";
			};
			name = Debug;
		};
		B349BE271C37E17B00B66CB5 /* Release */ = {
			isa = XCBuildConfiguration;
			buildSettings = {
				ALWAYS_SEARCH_USER_PATHS = NO;
				CLANG_CXX_LANGUAGE_STANDARD = "gnu++0x";
				CLANG_CXX_LIBRARY = "libc++";
				CLANG_ENABLE_MODULES = YES;
				CLANG_ENABLE_OBJC_ARC = YES;
				CLANG_WARN_BOOL_CONVERSION = YES;
				CLANG_WARN_CONSTANT_CONVERSION = YES;
				CLANG_WARN_DIRECT_OBJC_ISA_USAGE = YES_ERROR;
				CLANG_WARN_EMPTY_BODY = YES;
				CLANG_WARN_ENUM_CONVERSION = YES;
				CLANG_WARN_INT_CONVERSION = YES;
				CLANG_WARN_OBJC_ROOT_CLASS = YES_ERROR;
				CLANG_WARN_UNREACHABLE_CODE = YES;
				CLANG_WARN__DUPLICATE_METHOD_MATCH = YES;
				CODE_SIGN_IDENTITY = "-";
				COPY_PHASE_STRIP = NO;
				CURRENT_PROJECT_VERSION = 1;
				DEBUG_INFORMATION_FORMAT = "dwarf-with-dsym";
				ENABLE_NS_ASSERTIONS = NO;
				ENABLE_STRICT_OBJC_MSGSEND = YES;
				GCC_C_LANGUAGE_STANDARD = gnu99;
				GCC_NO_COMMON_BLOCKS = YES;
				GCC_WARN_64_TO_32_BIT_CONVERSION = YES;
				GCC_WARN_ABOUT_RETURN_TYPE = YES_ERROR;
				GCC_WARN_UNDECLARED_SELECTOR = YES;
				GCC_WARN_UNINITIALIZED_AUTOS = YES_AGGRESSIVE;
				GCC_WARN_UNUSED_FUNCTION = YES;
				GCC_WARN_UNUSED_VARIABLE = YES;
				MACOSX_DEPLOYMENT_TARGET = 10.11;
				MTL_ENABLE_DEBUG_INFO = NO;
				SDKROOT = macosx;
				VERSIONING_SYSTEM = "apple-generic";
				VERSION_INFO_PREFIX = "";
			};
			name = Release;
		};
		B349BE291C37E17B00B66CB5 /* Debug */ = {
			isa = XCBuildConfiguration;
			buildSettings = {
				COMBINE_HIDPI_IMAGES = YES;
				DEFINES_MODULE = YES;
				DYLIB_COMPATIBILITY_VERSION = 1;
				DYLIB_CURRENT_VERSION = 1;
				DYLIB_INSTALL_NAME_BASE = "@rpath";
				FRAMEWORK_VERSION = A;
				INFOPLIST_FILE = Lib/Info.plist;
				INSTALL_PATH = "$(LOCAL_LIBRARY_DIR)/Frameworks";
				LD_RUNPATH_SEARCH_PATHS = "$(inherited) @executable_path/../Frameworks @loader_path/Frameworks";
				PRODUCT_BUNDLE_IDENTIFIER = xyz.opinionatedc.Heliograph;
				PRODUCT_NAME = "$(TARGET_NAME)";
				SKIP_INSTALL = YES;
			};
			name = Debug;
		};
		B349BE2A1C37E17B00B66CB5 /* Release */ = {
			isa = XCBuildConfiguration;
			buildSettings = {
				COMBINE_HIDPI_IMAGES = YES;
				DEFINES_MODULE = YES;
				DYLIB_COMPATIBILITY_VERSION = 1;
				DYLIB_CURRENT_VERSION = 1;
				DYLIB_INSTALL_NAME_BASE = "@rpath";
				FRAMEWORK_VERSION = A;
				INFOPLIST_FILE = Lib/Info.plist;
				INSTALL_PATH = "$(LOCAL_LIBRARY_DIR)/Frameworks";
				LD_RUNPATH_SEARCH_PATHS = "$(inherited) @executable_path/../Frameworks @loader_path/Frameworks";
				PRODUCT_BUNDLE_IDENTIFIER = xyz.opinionatedc.Heliograph;
				PRODUCT_NAME = "$(TARGET_NAME)";
				SKIP_INSTALL = YES;
			};
			name = Release;
		};
		B349BE2C1C37E17B00B66CB5 /* Debug */ = {
			isa = XCBuildConfiguration;
			buildSettings = {
				COMBINE_HIDPI_IMAGES = YES;
				INFOPLIST_FILE = Tests/Info.plist;
				LD_RUNPATH_SEARCH_PATHS = "$(inherited) @executable_path/../Frameworks @loader_path/../Frameworks";
				PRODUCT_BUNDLE_IDENTIFIER = "xyz.opinionatedc.OpinionatedC-MirrorsTests";
				PRODUCT_NAME = "$(TARGET_NAME)";
			};
			name = Debug;
		};
		B349BE2D1C37E17B00B66CB5 /* Release */ = {
			isa = XCBuildConfiguration;
			buildSettings = {
				COMBINE_HIDPI_IMAGES = YES;
				INFOPLIST_FILE = Tests/Info.plist;
				LD_RUNPATH_SEARCH_PATHS = "$(inherited) @executable_path/../Frameworks @loader_path/../Frameworks";
				PRODUCT_BUNDLE_IDENTIFIER = "xyz.opinionatedc.OpinionatedC-MirrorsTests";
				PRODUCT_NAME = "$(TARGET_NAME)";
			};
			name = Release;
		};
/* End XCBuildConfiguration section */

/* Begin XCConfigurationList section */
		B349BE0E1C37E17A00B66CB5 /* Build configuration list for PBXProject "Heliograph" */ = {
			isa = XCConfigurationList;
			buildConfigurations = (
				B349BE261C37E17B00B66CB5 /* Debug */,
				B349BE271C37E17B00B66CB5 /* Release */,
			);
			defaultConfigurationIsVisible = 0;
			defaultConfigurationName = Release;
		};
		B349BE281C37E17B00B66CB5 /* Build configuration list for PBXNativeTarget "Heliograph" */ = {
			isa = XCConfigurationList;
			buildConfigurations = (
				B349BE291C37E17B00B66CB5 /* Debug */,
				B349BE2A1C37E17B00B66CB5 /* Release */,
			);
			defaultConfigurationIsVisible = 0;
			defaultConfigurationName = Release;
		};
		B349BE2B1C37E17B00B66CB5 /* Build configuration list for PBXNativeTarget "Heliograph-Tests" */ = {
			isa = XCConfigurationList;
			buildConfigurations = (
				B349BE2C1C37E17B00B66CB5 /* Debug */,
				B349BE2D1C37E17B00B66CB5 /* Release */,
			);
			defaultConfigurationIsVisible = 0;
			defaultConfigurationName = Release;
		};
/* End XCConfigurationList section */
	};
	rootObject = B349BE0B1C37E17A00B66CB5 /* Project object */;
}
